<?xml version="1.0" encoding="utf-8"?>
<Project ToolsVersion="4.0" xmlns="http://schemas.microsoft.com/developer/msbuild/2003">
  <ItemGroup>
    <ClCompile Include="Main.cpp" />
    <ClCompile Include="NumberMatchingGame.cpp">
      <Filter>FirstExample</Filter>
    </ClCompile>
  </ItemGroup>
  <ItemGroup>
    <Filter Include="FirstExample">
      <UniqueIdentifier>{df854250-daf2-4b9c-8a16-36aaa95f180e}</UniqueIdentifier>
    </Filter>
  </ItemGroup>
  <ItemGroup>
    <ClInclude Include="NumberMatchingGame.h">
      <Filter>FirstExample</Filter>
    </ClInclude>
  </ItemGroup>
</Project>